
Microsoft Visual Studio Solution File, Format Version 12.00
# Visual Studio Version 17
VisualStudioVersion = 17.14.37301.10
MinimumVisualStudioVersion = 10.0.40219.1
Project("{FAE04EC0-301F-11D3-BF4B-00C04F79EFBC}") = "StadiumAnalytics.API", "StadiumAnalytics.API\StadiumAnalytics.API.csproj", "{35F5CDBF-11A7-44DF-9B8F-4727031398F7}"
EndProject
Project("{E53339B2-1760-4266-BCC7-CA923CBCF16C}") = "docker-compose", "docker-compose.dcproj", "{81DDED9D-158B-E303-5F62-77A2896D2A5A}"
EndProject
Global
	GlobalSection(SolutionConfigurationPlatforms) = preSolution
		Debug|Any CPU = Debug|Any CPU
		Release|Any CPU = Release|Any CPU
	EndGlobalSection
	GlobalSection(ProjectConfigurationPlatforms) = postSolution
		{35F5CDBF-11A7-44DF-9B8F-4727031398F7}.Debug|Any CPU.ActiveCfg = Debug|Any CPU
		{35F5CDBF-11A7-44DF-9B8F-4727031398F7}.Debug|Any CPU.Build.0 = Debug|Any CPU
		{35F5CDBF-11A7-44DF-9B8F-4727031398F7}.Release|Any CPU.ActiveCfg = Release|Any CPU
		{35F5CDBF-11A7-44DF-9B8F-4727031398F7}.Release|Any CPU.Build.0 = Release|Any CPU
		{81DDED9D-158B-E303-5F62-77A2896D2A5A}.Debug|Any CPU.ActiveCfg = Debug|Any CPU
		{81DDED9D-158B-E303-5F62-77A2896D2A5A}.Debug|Any CPU.Build.0 = Debug|Any CPU
		{81DDED9D-158B-E303-5F62-77A2896D2A5A}.Release|Any CPU.ActiveCfg = Release|Any CPU
		{81DDED9D-158B-E303-5F62-77A2896D2A5A}.Release|Any CPU.Build.0 = Release|Any CPU
	EndGlobalSection
	GlobalSection(SolutionProperties) = preSolution
		HideSolutionNode = FALSE
	EndGlobalSection
	GlobalSection(ExtensibilityGlobals) = postSolution
		SolutionGuid = {2028A3CE-C646-4639-97DE-864C39444B27}
	EndGlobalSection
EndGlobal
